%{"certifi": {:hex, :certifi, "1.1.0", "c9b71a547016c2528a590ccfc28de786c7edb74aafa17446b84f54e04efc00ee", [:rebar3], [], "hexpm"},
  "cowboy": {:hex, :cowboy, "1.1.2", "61ac29ea970389a88eca5a65601460162d370a70018afe6f949a29dca91f3bb0", [:rebar3], [{:cowlib, "~> 1.0.2", [hex: :cowlib, repo: "hexpm", optional: false]}, {:ranch, "~> 1.3.2", [hex: :ranch, repo: "hexpm", optional: false]}], "hexpm"},
  "cowlib": {:hex, :cowlib, "1.0.2", "9d769a1d062c9c3ac753096f868ca121e2730b9a377de23dec0f7e08b1df84ee", [:make], [], "hexpm"},
  "distillery": {:hex, :distillery, "1.4.0", "d633cd322c8efa0428082b00b7f902daf8caa166d45f9022bbc19a896d2e1e56", [:mix], [], "hexpm"},
  "elixir_ale": {:hex, :elixir_ale, "1.0.0", "e1e4b01cfdce54bf93cf09971bb75b76422a818fe97c9a1622a72d8ee32f61a8", [:make, :mix], [{:elixir_make, "~> 0.4", [hex: :elixir_make, repo: "hexpm", optional: false]}], "hexpm"},
  "elixir_make": {:hex, :elixir_make, "0.4.0", "992f38fabe705bb45821a728f20914c554b276838433349d4f2341f7a687cddf", [:mix], [], "hexpm"},
  "fs": {:hex, :fs, "0.9.2", "ed17036c26c3f70ac49781ed9220a50c36775c6ca2cf8182d123b6566e49ec59", [:rebar], [], "hexpm"},
  "gen_stage": {:hex, :gen_stage, "0.12.0", "74ec6f84ea0e0e81aa26b745870495094de1c59bfdbd012ae3103208ea124623", [:mix], [], "hexpm"},
  "gettext": {:hex, :gettext, "0.13.1", "5e0daf4e7636d771c4c71ad5f3f53ba09a9ae5c250e1ab9c42ba9edccc476263", [:mix], [], "hexpm"},
  "hackney": {:hex, :hackney, "1.8.0", "8388a22f4e7eb04d171f2cf0285b217410f266d6c13a4c397a6c22ab823a486c", [:rebar3], [{:certifi, "1.1.0", [hex: :certifi, repo: "hexpm", optional: false]}, {:idna, "4.0.0", [hex: :idna, repo: "hexpm", optional: false]}, {:metrics, "1.0.1", [hex: :metrics, repo: "hexpm", optional: false]}, {:mimerl, "1.0.2", [hex: :mimerl, repo: "hexpm", optional: false]}, {:ssl_verify_fun, "1.1.1", [hex: :ssl_verify_fun, repo: "hexpm", optional: false]}], "hexpm"},
  "idna": {:hex, :idna, "4.0.0", "10aaa9f79d0b12cf0def53038547855b91144f1bfcc0ec73494f38bb7b9c4961", [:rebar3], [], "hexpm"},
  "metrics": {:hex, :metrics, "1.0.1", "25f094dea2cda98213cecc3aeff09e940299d950904393b2a29d191c346a8486", [:rebar3], [], "hexpm"},
  "mime": {:hex, :mime, "1.1.0", "01c1d6f4083d8aa5c7b8c246ade95139620ef8effb009edde934e0ec3b28090a", [:mix], [], "hexpm"},
  "mimerl": {:hex, :mimerl, "1.0.2", "993f9b0e084083405ed8252b99460c4f0563e41729ab42d9074fd5e52439be88", [:rebar3], [], "hexpm"},
  "msgpax": {:hex, :msgpax, "1.1.0", "e31625e256db2decca1ae2b841f21b4d2483b1332649ce3ebc96c7ff7a4986e3", [:mix], [{:plug, "~> 1.0", [hex: :plug, repo: "hexpm", optional: true]}], "hexpm"},
  "nerves": {:hex, :nerves, "0.5.2", "ce89fb603ae58076fc48ff88323eafe71d302d031393c78a3883002c8d3176ba", [:mix], [{:distillery, "~> 1.2", [hex: :distillery, repo: "hexpm", optional: false]}], "hexpm"},
  "nerves_interim_wifi": {:hex, :nerves_interim_wifi, "0.2.0", "d8fa51dfcdaf06c2d453de03ef22e7a3ca673412718b1c988b5742fb1629d8cc", [:make, :mix], [{:elixir_make, "~> 0.3", [hex: :elixir_make, repo: "hexpm", optional: false]}, {:nerves_network_interface, "~> 0.4.0", [hex: :nerves_network_interface, repo: "hexpm", optional: false]}, {:nerves_wpa_supplicant, "~> 0.3.0", [hex: :nerves_wpa_supplicant, repo: "hexpm", optional: false]}], "hexpm"},
  "nerves_network_interface": {:hex, :nerves_network_interface, "0.4.0", "a8e7662cd56fb4fe9060c891d35c43bbbff692ee6fd2d5efd538717da0cd96b8", [:make, :mix], [{:elixir_make, "~> 0.3", [hex: :elixir_make, repo: "hexpm", optional: false]}], "hexpm"},
  "nerves_runtime": {:hex, :nerves_runtime, "0.1.2", "eeceaf6e2091831e8e6f2204c4c3817c98e90f0d4aa646bf0054d4680a0ef0a4", [:make, :mix], [{:elixir_make, "~> 0.3", [hex: :elixir_make, repo: "hexpm", optional: false]}, {:gen_stage, "~> 0.4", [hex: :gen_stage, repo: "hexpm", optional: false]}, {:nerves_uart, "~> 0.1.0", [hex: :nerves_uart, repo: "hexpm", optional: true]}], "hexpm"},
  "nerves_system_br": {:hex, :nerves_system_br, "0.10.1", "c3a40fcca99a46e485aec22f3a55d09dbc97dbe7902874ce794778625a336730", [:mix], [], "hexpm"},
  "nerves_system_rpi0": {:hex, :nerves_system_rpi0, "0.12.0", "8c95633da0a953985c981a23d25ce3c294c069c665d77a52a79420bbb4276901", [:mix], [{:nerves, "~> 0.5", [hex: :nerves, repo: "hexpm", optional: false]}, {:nerves_system_br, "~> 0.10.0", [hex: :nerves_system_br, repo: "hexpm", optional: false]}, {:nerves_toolchain_armv6_rpi_linux_gnueabi, "~> 0.10.0", [hex: :nerves_toolchain_armv6_rpi_linux_gnueabi, repo: "hexpm", optional: false]}], "hexpm"},
  "nerves_toolchain_armv6_rpi_linux_gnueabi": {:hex, :nerves_toolchain_armv6_rpi_linux_gnueabi, "0.10.0", "a730667fb22710270d3e9fdab8ce7230381c424f65b0381feb693829bc460f80", [:mix], [{:nerves, "~> 0.4", [hex: :nerves, repo: "hexpm", optional: false]}, {:nerves_toolchain_ctng, "~> 0.9", [hex: :nerves_toolchain_ctng, repo: "hexpm", optional: false]}], "hexpm"},
  "nerves_toolchain_ctng": {:hex, :nerves_toolchain_ctng, "0.9.0", "825b2b5bbacc3ad20c8513baafd44978616d5b451e6e052cdb727be81e7cdcac", [:mix], [], "hexpm"},
  "nerves_wpa_supplicant": {:hex, :nerves_wpa_supplicant, "0.3.0", "dfda748df2662e1e9e95df6662c3a512d371ef23359b2c090b9c8c884b236a3d", [:make, :mix], [{:elixir_make, "~> 0.3", [hex: :elixir_make, repo: "hexpm", optional: false]}], "hexpm"},
  "phoenix": {:hex, :phoenix, "1.2.4", "4172479b5e21806a5e4175b54820c239e0d4effb0b07912e631aa31213a05bae", [:mix], [{:cowboy, "~> 1.0", [hex: :cowboy, repo: "hexpm", optional: true]}, {:phoenix_pubsub, "~> 1.0", [hex: :phoenix_pubsub, repo: "hexpm", optional: false]}, {:plug, "~> 1.4 or ~> 1.3.3 or ~> 1.2.4 or ~> 1.1.8 or ~> 1.0.5", [hex: :plug, repo: "hexpm", optional: false]}, {:poison, "~> 1.5 or ~> 2.0", [hex: :poison, repo: "hexpm", optional: false]}], "hexpm"},
  "phoenix_html": {:hex, :phoenix_html, "2.9.3", "1b5a2122cbf743aa242f54dced8a4f1cc778b8bd304f4b4c0043a6250c58e258", [:mix], [{:plug, "~> 1.0", [hex: :plug, repo: "hexpm", optional: false]}], "hexpm"},
  "phoenix_live_reload": {:hex, :phoenix_live_reload, "1.0.8", "4333f9c74190f485a74866beff2f9304f069d53f047f5fbb0fb8d1ee4c495f73", [:mix], [{:fs, "~> 0.9.1", [hex: :fs, repo: "hexpm", optional: false]}, {:phoenix, "~> 1.0 or ~> 1.2-rc", [hex: :phoenix, repo: "hexpm", optional: false]}], "hexpm"},
  "phoenix_pubsub": {:hex, :phoenix_pubsub, "1.0.1", "c10ddf6237007c804bf2b8f3c4d5b99009b42eca3a0dfac04ea2d8001186056a", [:mix], [], "hexpm"},
  "plug": {:hex, :plug, "1.3.5", "7503bfcd7091df2a9761ef8cecea666d1f2cc454cbbaf0afa0b6e259203b7031", [:mix], [{:cowboy, "~> 1.0.1 or ~> 1.1", [hex: :cowboy, repo: "hexpm", optional: true]}, {:mime, "~> 1.0", [hex: :mime, repo: "hexpm", optional: false]}], "hexpm"},
  "poison": {:hex, :poison, "2.2.0", "4763b69a8a77bd77d26f477d196428b741261a761257ff1cf92753a0d4d24a63", [:mix], [], "hexpm"},
  "ranch": {:hex, :ranch, "1.3.2", "e4965a144dc9fbe70e5c077c65e73c57165416a901bd02ea899cfd95aa890986", [:rebar3], [], "hexpm"},
  "ssl_verify_fun": {:hex, :ssl_verify_fun, "1.1.1", "28a4d65b7f59893bc2c7de786dec1e1555bd742d336043fe644ae956c3497fbe", [:make, :rebar], [], "hexpm"},
  "timber": {:hex, :timber, "2.1.8", "f6b45e13468eafb75814fe074366d820ea28039c014aa6f11916a5b9b264db53", [:mix], [{:ecto, "~> 2.0", [hex: :ecto, repo: "hexpm", optional: true]}, {:hackney, "1.6.3 or 1.6.5 or 1.7.1 or 1.8.0", [hex: :hackney, repo: "hexpm", optional: false]}, {:msgpax, "~> 1.0", [hex: :msgpax, repo: "hexpm", optional: false]}, {:phoenix, "~> 1.2 or ~> 1.3.0-rc", [hex: :phoenix, repo: "hexpm", optional: true]}, {:plug, "~> 1.2", [hex: :plug, repo: "hexpm", optional: true]}, {:poison, "~> 1.0 or ~> 2.0 or ~> 3.0", [hex: :poison, repo: "hexpm", optional: false]}], "hexpm"}}
